{
  "name": "assets",
  "lockfileVersion": 3,
  "requires": true,
  "packages": {
    "": {
      "dependencies": {
        "cally": "^0.8.0"
      }
    },
    "node_modules/atomico": {
      "version": "1.79.2",
      "resolved": "https://registry.npmjs.org/atomico/-/atomico-1.79.2.tgz",
      "integrity": "sha512-mshhLRMeIltNYbnQnqgnrvJ/uDa8XDfTQcjw3ymOygQqwHIQ4Sp0LcNYMCbACkV3DtV+eDXb9szwU4qMUuGwYQ==",
      "license": "MIT"
    },
    "node_modules/cally": {
      "version": "0.8.0",
      "resolved": "https://registry.npmjs.org/cally/-/cally-0.8.0.tgz",
      "integrity": "sha512-jvQ2QMrsZM/ZPG/LWTkJEUPrp/ew1uS2KjKA/E6ru7mVvTMY2JgSagci9IghLmuamFh1pDajrxXAX4Qgo4FHbw==",
      "license": "MIT",
      "dependencies": {
        "atomico": "^1.76.1"
      }
    }
  }
}
